
Microsoft Visual Studio Solution File, Format Version 12.00
# Visual Studio Version 16
VisualStudioVersion = 16.0.32802.440
MinimumVisualStudioVersion = 10.0.40219.1
Project("{9A19103F-16F7-4668-BE54-9A1E7A4F7556}") = "BackendCrudUser", "BackendCrudUser.csproj", "{8B0BD519-8587-4F66-AE7F-23EE49312C9A}"
EndProject
Global
	GlobalSection(SolutionConfigurationPlatforms) = preSolution
		Debug|Any CPU = Debug|Any CPU
		Release|Any CPU = Release|Any CPU
	EndGlobalSection
	GlobalSection(ProjectConfigurationPlatforms) = postSolution
		{8B0BD519-8587-4F66-AE7F-23EE49312C9A}.Debug|Any CPU.ActiveCfg = Debug|Any CPU
		{8B0BD519-8587-4F66-AE7F-23EE49312C9A}.Debug|Any CPU.Build.0 = Debug|Any CPU
		{8B0BD519-8587-4F66-AE7F-23EE49312C9A}.Release|Any CPU.ActiveCfg = Release|Any CPU
		{8B0BD519-8587-4F66-AE7F-23EE49312C9A}.Release|Any CPU.Build.0 = Release|Any CPU
	EndGlobalSection
	GlobalSection(SolutionProperties) = preSolution
		HideSolutionNode = FALSE
	EndGlobalSection
	GlobalSection(ExtensibilityGlobals) = postSolution
		SolutionGuid = {C80296F3-B031-4647-8B6C-EADCA6328963}
	EndGlobalSection
EndGlobal
